
Microsoft Visual Studio Solution File, Format Version 12.00
# Visual Studio Version 17
VisualStudioVersion = 17.4.33213.308
MinimumVisualStudioVersion = 10.0.40219.1
Project("{FAE04EC0-301F-11D3-BF4B-00C04F79EFBC}") = "DataFromSQLMySQLAzureToCSV", "DataFromSQLMySQLAzureToCSV\DataFromSQLMySQLAzureToCSV.csproj", "{ED0B53D9-215F-46EA-8528-0FF68EC0EB4B}"
EndProject
Global
	GlobalSection(SolutionConfigurationPlatforms) = preSolution
		Debug|Any CPU = Debug|Any CPU
		Release|Any CPU = Release|Any CPU
	EndGlobalSection
	GlobalSection(ProjectConfigurationPlatforms) = postSolution
		{ED0B53D9-215F-46EA-8528-0FF68EC0EB4B}.Debug|Any CPU.ActiveCfg = Debug|Any CPU
		{ED0B53D9-215F-46EA-8528-0FF68EC0EB4B}.Debug|Any CPU.Build.0 = Debug|Any CPU
		{ED0B53D9-215F-46EA-8528-0FF68EC0EB4B}.Release|Any CPU.ActiveCfg = Release|Any CPU
		{ED0B53D9-215F-46EA-8528-0FF68EC0EB4B}.Release|Any CPU.Build.0 = Release|Any CPU
	EndGlobalSection
	GlobalSection(SolutionProperties) = preSolution
		HideSolutionNode = FALSE
	EndGlobalSection
	GlobalSection(ExtensibilityGlobals) = postSolution
		SolutionGuid = {428B7830-9EB8-4EDA-8297-92343CFF725B}
	EndGlobalSection
EndGlobal
