
Microsoft Visual Studio Solution File, Format Version 12.00
# Visual Studio Version 17
VisualStudioVersion = 17.4.33213.308
MinimumVisualStudioVersion = 10.0.40219.1
Project("{FAE04EC0-301F-11D3-BF4B-00C04F79EFBC}") = "WorkWithDifferentDataBases", "WorkWithDifferentDataBases\WorkWithDifferentDataBases.csproj", "{C21BE8AB-02D4-4272-9B06-DFB524210042}"
EndProject
Global
	GlobalSection(SolutionConfigurationPlatforms) = preSolution
		Debug|Any CPU = Debug|Any CPU
		Release|Any CPU = Release|Any CPU
	EndGlobalSection
	GlobalSection(ProjectConfigurationPlatforms) = postSolution
		{C21BE8AB-02D4-4272-9B06-DFB524210042}.Debug|Any CPU.ActiveCfg = Debug|Any CPU
		{C21BE8AB-02D4-4272-9B06-DFB524210042}.Debug|Any CPU.Build.0 = Debug|Any CPU
		{C21BE8AB-02D4-4272-9B06-DFB524210042}.Release|Any CPU.ActiveCfg = Release|Any CPU
		{C21BE8AB-02D4-4272-9B06-DFB524210042}.Release|Any CPU.Build.0 = Release|Any CPU
	EndGlobalSection
	GlobalSection(SolutionProperties) = preSolution
		HideSolutionNode = FALSE
	EndGlobalSection
	GlobalSection(ExtensibilityGlobals) = postSolution
		SolutionGuid = {0BDA133E-7FA8-4C97-A824-1C996BC36622}
	EndGlobalSection
EndGlobal
